// !$*UTF8*$!
{
	archiveVersion = 1;
	classes = {
	};
	objectVersion = 51;
	objects = {

/* Begin PBXBuildFile section */
		814BB26181F273A0A85D84D4 /* Pods_Weather.framework in Frameworks */ = {isa = PBXBuildFile; fileRef = 8B82C86A729A96FD891DEF3A /* Pods_Weather.framework */; };
		87100187266E197A001200C3 /* AppDelegate.swift in Sources */ = {isa = PBXBuildFile; fileRef = 87100186266E197A001200C3 /* AppDelegate.swift */; };
		87100189266E197A001200C3 /* SceneDelegate.swift in Sources */ = {isa = PBXBuildFile; fileRef = 87100188266E197A001200C3 /* SceneDelegate.swift */; };
		8710018B266E197A001200C3 /* MainViewController.swift in Sources */ = {isa = PBXBuildFile; fileRef = 8710018A266E197A001200C3 /* MainViewController.swift */; };
		8710018E266E197A001200C3 /* Main.storyboard in Resources */ = {isa = PBXBuildFile; fileRef = 8710018C266E197A001200C3 /* Main.storyboard */; };
		87100193266E197B001200C3 /* Assets.xcassets in Resources */ = {isa = PBXBuildFile; fileRef = 87100192266E197B001200C3 /* Assets.xcassets */; };
		87100196266E197B001200C3 /* LaunchScreen.storyboard in Resources */ = {isa = PBXBuildFile; fileRef = 87100194266E197B001200C3 /* LaunchScreen.storyboard */; };
		8710019F266E1991001200C3 /* WeatherResponse.swift in Sources */ = {isa = PBXBuildFile; fileRef = 8710019E266E1991001200C3 /* WeatherResponse.swift */; };
		871001A4266E3D1B001200C3 /* NetworkService.swift in Sources */ = {isa = PBXBuildFile; fileRef = 871001A3266E3D1B001200C3 /* NetworkService.swift */; };
		871001A8266E4303001200C3 /* WeatherViewController.swift in Sources */ = {isa = PBXBuildFile; fileRef = 871001A7266E4303001200C3 /* WeatherViewController.swift */; };
		871001AB266E6B86001200C3 /* ForecastCollectionViewCell.swift in Sources */ = {isa = PBXBuildFile; fileRef = 871001AA266E6B86001200C3 /* ForecastCollectionViewCell.swift */; };
		871001AE266F6B08001200C3 /* ForecastTableViewCell.swift in Sources */ = {isa = PBXBuildFile; fileRef = 871001AD266F6B08001200C3 /* ForecastTableViewCell.swift */; };
		871001B1266F9525001200C3 /* OnboardViewController.swift in Sources */ = {isa = PBXBuildFile; fileRef = 871001B0266F9524001200C3 /* OnboardViewController.swift */; };
		871001B4266F9EC8001200C3 /* MyLocationManager.swift in Sources */ = {isa = PBXBuildFile; fileRef = 871001B3266F9EC8001200C3 /* MyLocationManager.swift */; };
		87208C7C268484BF009E17F1 /* HourlyTableViewCell.swift in Sources */ = {isa = PBXBuildFile; fileRef = 87208C7B268484BF009E17F1 /* HourlyTableViewCell.swift */; };
		87208C7F268490DF009E17F1 /* HourlyViewController.swift in Sources */ = {isa = PBXBuildFile; fileRef = 87208C7E268490DF009E17F1 /* HourlyViewController.swift */; };
		87208C852698441A009E17F1 /* RealmInspector.swift in Sources */ = {isa = PBXBuildFile; fileRef = 87208C842698441A009E17F1 /* RealmInspector.swift */; };
		87208C88269846A1009E17F1 /* Settings.swift in Sources */ = {isa = PBXBuildFile; fileRef = 87208C87269846A1009E17F1 /* Settings.swift */; };
		87208C8C26985929009E17F1 /* TitleChanger.swift in Sources */ = {isa = PBXBuildFile; fileRef = 87208C8B26985929009E17F1 /* TitleChanger.swift */; };
		87208C93269C3472009E17F1 /* UtilFunctions.swift in Sources */ = {isa = PBXBuildFile; fileRef = 87208C92269C3472009E17F1 /* UtilFunctions.swift */; };
		87208C96269C3487009E17F1 /* Extensions.swift in Sources */ = {isa = PBXBuildFile; fileRef = 87208C95269C3487009E17F1 /* Extensions.swift */; };
		87208C9F269D8BB2009E17F1 /* ChartFormatter.swift in Sources */ = {isa = PBXBuildFile; fileRef = 87208C9E269D8BB2009E17F1 /* ChartFormatter.swift */; };
		87208CA6269DA92C009E17F1 /* TempLabelFormatter.swift in Sources */ = {isa = PBXBuildFile; fileRef = 87208CA5269DA92C009E17F1 /* TempLabelFormatter.swift */; };
		87208CA9269DABF4009E17F1 /* RainLabelFormatter.swift in Sources */ = {isa = PBXBuildFile; fileRef = 87208CA8269DABF4009E17F1 /* RainLabelFormatter.swift */; };
		8776BECB266FB0DD00297943 /* Inspector.swift in Sources */ = {isa = PBXBuildFile; fileRef = 8776BECA266FB0DD00297943 /* Inspector.swift */; };
		8776BECE2670D29A00297943 /* SettingsViewController.swift in Sources */ = {isa = PBXBuildFile; fileRef = 8776BECD2670D29A00297943 /* SettingsViewController.swift */; };
		8776BEDA267111D400297943 /* CachedWeather.swift in Sources */ = {isa = PBXBuildFile; fileRef = 8776BED9267111D400297943 /* CachedWeather.swift */; };
		8776BEE42673727100297943 /* CachedList.swift in Sources */ = {isa = PBXBuildFile; fileRef = 8776BEE32673727100297943 /* CachedList.swift */; };
		8776BEE82673729600297943 /* CachedCity.swift in Sources */ = {isa = PBXBuildFile; fileRef = 8776BEE72673729600297943 /* CachedCity.swift */; };
		8776BEEB267372CC00297943 /* CachedCoord.swift in Sources */ = {isa = PBXBuildFile; fileRef = 8776BEEA267372CC00297943 /* CachedCoord.swift */; };
		8776BEEE267372F200297943 /* CachedMain.swift in Sources */ = {isa = PBXBuildFile; fileRef = 8776BEED267372F100297943 /* CachedMain.swift */; };
		8776BEF12673731700297943 /* CachedWeatherElement.swift in Sources */ = {isa = PBXBuildFile; fileRef = 8776BEF02673731700297943 /* CachedWeatherElement.swift */; };
		8776BEF42673733300297943 /* CachedClouds.swift in Sources */ = {isa = PBXBuildFile; fileRef = 8776BEF32673733300297943 /* CachedClouds.swift */; };
		8776BEF72673736000297943 /* CachedWind.swift in Sources */ = {isa = PBXBuildFile; fileRef = 8776BEF62673736000297943 /* CachedWind.swift */; };
		8776BEFA2673737700297943 /* CachedRain.swift in Sources */ = {isa = PBXBuildFile; fileRef = 8776BEF92673737700297943 /* CachedRain.swift */; };
		8776BEFD2673739500297943 /* CachedSys.swift in Sources */ = {isa = PBXBuildFile; fileRef = 8776BEFC2673739500297943 /* CachedSys.swift */; };
		8776BF042673777100297943 /* DetailedViewController.swift in Sources */ = {isa = PBXBuildFile; fileRef = 8776BF032673777100297943 /* DetailedViewController.swift */; };
/* End PBXBuildFile section */

/* Begin PBXFileReference section */
		36D5735787C2E576EA336BC7 /* Pods-Weather.release.xcconfig */ = {isa = PBXFileReference; includeInIndex = 1; lastKnownFileType = text.xcconfig; name = "Pods-Weather.release.xcconfig"; path = "Target Support Files/Pods-Weather/Pods-Weather.release.xcconfig"; sourceTree = "<group>"; };
		87100183266E197A001200C3 /* Weather.app */ = {isa = PBXFileReference; explicitFileType = wrapper.application; includeInIndex = 0; path = Weather.app; sourceTree = BUILT_PRODUCTS_DIR; };
		87100186266E197A001200C3 /* AppDelegate.swift */ = {isa = PBXFileReference; lastKnownFileType = sourcecode.swift; path = AppDelegate.swift; sourceTree = "<group>"; };
		87100188266E197A001200C3 /* SceneDelegate.swift */ = {isa = PBXFileReference; lastKnownFileType = sourcecode.swift; path = SceneDelegate.swift; sourceTree = "<group>"; };
		8710018A266E197A001200C3 /* MainViewController.swift */ = {isa = PBXFileReference; lastKnownFileType = sourcecode.swift; path = MainViewController.swift; sourceTree = "<group>"; };
		8710018D266E197A001200C3 /* Base */ = {isa = PBXFileReference; lastKnownFileType = file.storyboard; name = Base; path = Base.lproj/Main.storyboard; sourceTree = "<group>"; };
		87100192266E197B001200C3 /* Assets.xcassets */ = {isa = PBXFileReference; lastKnownFileType = folder.assetcatalog; path = Assets.xcassets; sourceTree = "<group>"; };
		87100195266E197B001200C3 /* Base */ = {isa = PBXFileReference; lastKnownFileType = file.storyboard; name = Base; path = Base.lproj/LaunchScreen.storyboard; sourceTree = "<group>"; };
		87100197266E197B001200C3 /* Info.plist */ = {isa = PBXFileReference; lastKnownFileType = text.plist.xml; path = Info.plist; sourceTree = "<group>"; };
		8710019E266E1991001200C3 /* WeatherResponse.swift */ = {isa = PBXFileReference; lastKnownFileType = sourcecode.swift; path = WeatherResponse.swift; sourceTree = "<group>"; };
		871001A3266E3D1B001200C3 /* NetworkService.swift */ = {isa = PBXFileReference; lastKnownFileType = sourcecode.swift; path = NetworkService.swift; sourceTree = "<group>"; };
		871001A7266E4303001200C3 /* WeatherViewController.swift */ = {isa = PBXFileReference; lastKnownFileType = sourcecode.swift; path = WeatherViewController.swift; sourceTree = "<group>"; };
		871001AA266E6B86001200C3 /* ForecastCollectionViewCell.swift */ = {isa = PBXFileReference; lastKnownFileType = sourcecode.swift; path = ForecastCollectionViewCell.swift; sourceTree = "<group>"; };
		871001AD266F6B08001200C3 /* ForecastTableViewCell.swift */ = {isa = PBXFileReference; lastKnownFileType = sourcecode.swift; path = ForecastTableViewCell.swift; sourceTree = "<group>"; };
		871001B0266F9524001200C3 /* OnboardViewController.swift */ = {isa = PBXFileReference; lastKnownFileType = sourcecode.swift; path = OnboardViewController.swift; sourceTree = "<group>"; };
		871001B3266F9EC8001200C3 /* MyLocationManager.swift */ = {isa = PBXFileReference; lastKnownFileType = sourcecode.swift; path = MyLocationManager.swift; sourceTree = "<group>"; };
		87208C7B268484BF009E17F1 /* HourlyTableViewCell.swift */ = {isa = PBXFileReference; lastKnownFileType = sourcecode.swift; path = HourlyTableViewCell.swift; sourceTree = "<group>"; };
		87208C7E268490DF009E17F1 /* HourlyViewController.swift */ = {isa = PBXFileReference; lastKnownFileType = sourcecode.swift; path = HourlyViewController.swift; sourceTree = "<group>"; };
		87208C842698441A009E17F1 /* RealmInspector.swift */ = {isa = PBXFileReference; lastKnownFileType = sourcecode.swift; path = RealmInspector.swift; sourceTree = "<group>"; };
		87208C87269846A1009E17F1 /* Settings.swift */ = {isa = PBXFileReference; lastKnownFileType = sourcecode.swift; path = Settings.swift; sourceTree = "<group>"; };
		87208C8B26985929009E17F1 /* TitleChanger.swift */ = {isa = PBXFileReference; lastKnownFileType = sourcecode.swift; path = TitleChanger.swift; sourceTree = "<group>"; };
		87208C92269C3472009E17F1 /* UtilFunctions.swift */ = {isa = PBXFileReference; lastKnownFileType = sourcecode.swift; path = UtilFunctions.swift; sourceTree = "<group>"; };
		87208C95269C3487009E17F1 /* Extensions.swift */ = {isa = PBXFileReference; lastKnownFileType = sourcecode.swift; path = Extensions.swift; sourceTree = "<group>"; };
		87208C9E269D8BB2009E17F1 /* ChartFormatter.swift */ = {isa = PBXFileReference; lastKnownFileType = sourcecode.swift; path = ChartFormatter.swift; sourceTree = "<group>"; };
		87208CA5269DA92C009E17F1 /* TempLabelFormatter.swift */ = {isa = PBXFileReference; lastKnownFileType = sourcecode.swift; path = TempLabelFormatter.swift; sourceTree = "<group>"; };
		87208CA8269DABF4009E17F1 /* RainLabelFormatter.swift */ = {isa = PBXFileReference; lastKnownFileType = sourcecode.swift; path = RainLabelFormatter.swift; sourceTree = "<group>"; };
		8776BECA266FB0DD00297943 /* Inspector.swift */ = {isa = PBXFileReference; lastKnownFileType = sourcecode.swift; path = Inspector.swift; sourceTree = "<group>"; };
		8776BECD2670D29A00297943 /* SettingsViewController.swift */ = {isa = PBXFileReference; lastKnownFileType = sourcecode.swift; path = SettingsViewController.swift; sourceTree = "<group>"; };
		8776BED9267111D400297943 /* CachedWeather.swift */ = {isa = PBXFileReference; lastKnownFileType = sourcecode.swift; path = CachedWeather.swift; sourceTree = "<group>"; };
		8776BEE32673727100297943 /* CachedList.swift */ = {isa = PBXFileReference; lastKnownFileType = sourcecode.swift; path = CachedList.swift; sourceTree = "<group>"; };
		8776BEE72673729600297943 /* CachedCity.swift */ = {isa = PBXFileReference; lastKnownFileType = sourcecode.swift; path = CachedCity.swift; sourceTree = "<group>"; };
		8776BEEA267372CC00297943 /* CachedCoord.swift */ = {isa = PBXFileReference; lastKnownFileType = sourcecode.swift; path = CachedCoord.swift; sourceTree = "<group>"; };
		8776BEED267372F100297943 /* CachedMain.swift */ = {isa = PBXFileReference; lastKnownFileType = sourcecode.swift; path = CachedMain.swift; sourceTree = "<group>"; };
		8776BEF02673731700297943 /* CachedWeatherElement.swift */ = {isa = PBXFileReference; lastKnownFileType = sourcecode.swift; path = CachedWeatherElement.swift; sourceTree = "<group>"; };
		8776BEF32673733300297943 /* CachedClouds.swift */ = {isa = PBXFileReference; lastKnownFileType = sourcecode.swift; path = CachedClouds.swift; sourceTree = "<group>"; };
		8776BEF62673736000297943 /* CachedWind.swift */ = {isa = PBXFileReference; lastKnownFileType = sourcecode.swift; path = CachedWind.swift; sourceTree = "<group>"; };
		8776BEF92673737700297943 /* CachedRain.swift */ = {isa = PBXFileReference; lastKnownFileType = sourcecode.swift; path = CachedRain.swift; sourceTree = "<group>"; };
		8776BEFC2673739500297943 /* CachedSys.swift */ = {isa = PBXFileReference; lastKnownFileType = sourcecode.swift; path = CachedSys.swift; sourceTree = "<group>"; };
		8776BF032673777100297943 /* DetailedViewController.swift */ = {isa = PBXFileReference; fileEncoding = 4; lastKnownFileType = sourcecode.swift; path = DetailedViewController.swift; sourceTree = "<group>"; };
		8B82C86A729A96FD891DEF3A /* Pods_Weather.framework */ = {isa = PBXFileReference; explicitFileType = wrapper.framework; includeInIndex = 0; path = Pods_Weather.framework; sourceTree = BUILT_PRODUCTS_DIR; };
		9B1908BC146435C8DEC8813C /* Pods-Weather.debug.xcconfig */ = {isa = PBXFileReference; includeInIndex = 1; lastKnownFileType = text.xcconfig; name = "Pods-Weather.debug.xcconfig"; path = "Target Support Files/Pods-Weather/Pods-Weather.debug.xcconfig"; sourceTree = "<group>"; };
/* End PBXFileReference section */

/* Begin PBXFrameworksBuildPhase section */
		87100180266E197A001200C3 /* Frameworks */ = {
			isa = PBXFrameworksBuildPhase;
			buildActionMask = 2147483647;
			files = (
				814BB26181F273A0A85D84D4 /* Pods_Weather.framework in Frameworks */,
			);
			runOnlyForDeploymentPostprocessing = 0;
		};
/* End PBXFrameworksBuildPhase section */

/* Begin PBXGroup section */
		3C87A297D65BBF10E746417E /* Pods */ = {
			isa = PBXGroup;
			children = (
				9B1908BC146435C8DEC8813C /* Pods-Weather.debug.xcconfig */,
				36D5735787C2E576EA336BC7 /* Pods-Weather.release.xcconfig */,
			);
			path = Pods;
			sourceTree = "<group>";
		};
		8710017A266E197A001200C3 = {
			isa = PBXGroup;
			children = (
				87100185266E197A001200C3 /* Weather */,
				87100184266E197A001200C3 /* Products */,
				3C87A297D65BBF10E746417E /* Pods */,
				DE0D8B43299AD98CE86EA983 /* Frameworks */,
			);
			sourceTree = "<group>";
		};
		87100184266E197A001200C3 /* Products */ = {
			isa = PBXGroup;
			children = (
				87100183266E197A001200C3 /* Weather.app */,
			);
			name = Products;
			sourceTree = "<group>";
		};
		87100185266E197A001200C3 /* Weather */ = {
			isa = PBXGroup;
			children = (
				8776BEDD2671125A00297943 /* Utils */,
				8776BED8267111BF00297943 /* UI */,
				8776BED7267111B100297943 /* Models */,
				871001A2266E3D08001200C3 /* Network */,
				87100186266E197A001200C3 /* AppDelegate.swift */,
				87100188266E197A001200C3 /* SceneDelegate.swift */,
				8710018C266E197A001200C3 /* Main.storyboard */,
				87100192266E197B001200C3 /* Assets.xcassets */,
				87100194266E197B001200C3 /* LaunchScreen.storyboard */,
				87100197266E197B001200C3 /* Info.plist */,
			);
			path = Weather;
			sourceTree = "<group>";
		};
		871001A2266E3D08001200C3 /* Network */ = {
			isa = PBXGroup;
			children = (
				871001A3266E3D1B001200C3 /* NetworkService.swift */,
			);
			path = Network;
			sourceTree = "<group>";
		};
		8776BED7267111B100297943 /* Models */ = {
			isa = PBXGroup;
			children = (
				8776BED9267111D400297943 /* CachedWeather.swift */,
				8710019E266E1991001200C3 /* WeatherResponse.swift */,
				8776BEE32673727100297943 /* CachedList.swift */,
				8776BEE72673729600297943 /* CachedCity.swift */,
				8776BEEA267372CC00297943 /* CachedCoord.swift */,
				8776BEED267372F100297943 /* CachedMain.swift */,
				8776BEF02673731700297943 /* CachedWeatherElement.swift */,
				8776BEF32673733300297943 /* CachedClouds.swift */,
				8776BEF62673736000297943 /* CachedWind.swift */,
				8776BEF92673737700297943 /* CachedRain.swift */,
				8776BEFC2673739500297943 /* CachedSys.swift */,
			);
			path = Models;
			sourceTree = "<group>";
		};
		8776BED8267111BF00297943 /* UI */ = {
			isa = PBXGroup;
			children = (
				8776BEE0267112A400297943 /* Cells */,
				8776BEDF2671129000297943 /* Controllers */,
			);
			path = UI;
			sourceTree = "<group>";
		};
		8776BEDD2671125A00297943 /* Utils */ = {
			isa = PBXGroup;
			children = (
				871001B3266F9EC8001200C3 /* MyLocationManager.swift */,
				8776BECA266FB0DD00297943 /* Inspector.swift */,
				87208C842698441A009E17F1 /* RealmInspector.swift */,
				87208C87269846A1009E17F1 /* Settings.swift */,
				87208C8B26985929009E17F1 /* TitleChanger.swift */,
				87208C92269C3472009E17F1 /* UtilFunctions.swift */,
				87208C95269C3487009E17F1 /* Extensions.swift */,
				87208C9E269D8BB2009E17F1 /* ChartFormatter.swift */,
				87208CA5269DA92C009E17F1 /* TempLabelFormatter.swift */,
				87208CA8269DABF4009E17F1 /* RainLabelFormatter.swift */,
			);
			path = Utils;
			sourceTree = "<group>";
		};
		8776BEDF2671129000297943 /* Controllers */ = {
			isa = PBXGroup;
			children = (
				8710018A266E197A001200C3 /* MainViewController.swift */,
				871001A7266E4303001200C3 /* WeatherViewController.swift */,
				871001B0266F9524001200C3 /* OnboardViewController.swift */,
				8776BECD2670D29A00297943 /* SettingsViewController.swift */,
				8776BF032673777100297943 /* DetailedViewController.swift */,
				87208C7E268490DF009E17F1 /* HourlyViewController.swift */,
			);
			path = Controllers;
			sourceTree = "<group>";
		};
		8776BEE0267112A400297943 /* Cells */ = {
			isa = PBXGroup;
			children = (
				871001AA266E6B86001200C3 /* ForecastCollectionViewCell.swift */,
				871001AD266F6B08001200C3 /* ForecastTableViewCell.swift */,
				87208C7B268484BF009E17F1 /* HourlyTableViewCell.swift */,
			);
			path = Cells;
			sourceTree = "<group>";
		};
		DE0D8B43299AD98CE86EA983 /* Frameworks */ = {
			isa = PBXGroup;
			children = (
				8B82C86A729A96FD891DEF3A /* Pods_Weather.framework */,
			);
			name = Frameworks;
			sourceTree = "<group>";
		};
/* End PBXGroup section */

/* Begin PBXNativeTarget section */
		87100182266E197A001200C3 /* Weather */ = {
			isa = PBXNativeTarget;
			buildConfigurationList = 8710019A266E197B001200C3 /* Build configuration list for PBXNativeTarget "Weather" */;
			buildPhases = (
				2D120F6E432977626DFB048A /* [CP] Check Pods Manifest.lock */,
				8710017F266E197A001200C3 /* Sources */,
				87100180266E197A001200C3 /* Frameworks */,
				87100181266E197A001200C3 /* Resources */,
				38F2EEB34CD57D28C18294A7 /* [CP] Embed Pods Frameworks */,
			);
			buildRules = (
			);
			dependencies = (
			);
			name = Weather;
			productName = Weather;
			productReference = 87100183266E197A001200C3 /* Weather.app */;
			productType = "com.apple.product-type.application";
		};
/* End PBXNativeTarget section */

/* Begin PBXProject section */
		8710017B266E197A001200C3 /* Project object */ = {
			isa = PBXProject;
			attributes = {
				LastSwiftUpdateCheck = 1240;
				LastUpgradeCheck = 1240;
				TargetAttributes = {
					87100182266E197A001200C3 = {
						CreatedOnToolsVersion = 12.4;
					};
				};
			};
			buildConfigurationList = 8710017E266E197A001200C3 /* Build configuration list for PBXProject "Weather" */;
			compatibilityVersion = "Xcode 9.3";
			developmentRegion = en;
			hasScannedForEncodings = 0;
			knownRegions = (
				en,
				Base,
			);
			mainGroup = 8710017A266E197A001200C3;
			productRefGroup = 87100184266E197A001200C3 /* Products */;
			projectDirPath = "";
			projectRoot = "";
			targets = (
				87100182266E197A001200C3 /* Weather */,
			);
		};
/* End PBXProject section */

/* Begin PBXResourcesBuildPhase section */
		87100181266E197A001200C3 /* Resources */ = {
			isa = PBXResourcesBuildPhase;
			buildActionMask = 2147483647;
			files = (
				87100196266E197B001200C3 /* LaunchScreen.storyboard in Resources */,
				87100193266E197B001200C3 /* Assets.xcassets in Resources */,
				8710018E266E197A001200C3 /* Main.storyboard in Resources */,
			);
			runOnlyForDeploymentPostprocessing = 0;
		};
/* End PBXResourcesBuildPhase section */

/* Begin PBXShellScriptBuildPhase section */
		2D120F6E432977626DFB048A /* [CP] Check Pods Manifest.lock */ = {
			isa = PBXShellScriptBuildPhase;
			buildActionMask = 2147483647;
			files = (
			);
			inputFileListPaths = (
			);
			inputPaths = (
				"${PODS_PODFILE_DIR_PATH}/Podfile.lock",
				"${PODS_ROOT}/Manifest.lock",
			);
			name = "[CP] Check Pods Manifest.lock";
			outputFileListPaths = (
			);
			outputPaths = (
				"$(DERIVED_FILE_DIR)/Pods-Weather-checkManifestLockResult.txt",
			);
			runOnlyForDeploymentPostprocessing = 0;
			shellPath = /bin/sh;
			shellScript = "diff \"${PODS_PODFILE_DIR_PATH}/Podfile.lock\" \"${PODS_ROOT}/Manifest.lock\" > /dev/null\nif [ $? != 0 ] ; then\n    # print error to STDERR\n    echo \"error: The sandbox is not in sync with the Podfile.lock. Run 'pod install' or update your CocoaPods installation.\" >&2\n    exit 1\nfi\n# This output is used by Xcode 'outputs' to avoid re-running this script phase.\necho \"SUCCESS\" > \"${SCRIPT_OUTPUT_FILE_0}\"\n";
			showEnvVarsInLog = 0;
		};
		38F2EEB34CD57D28C18294A7 /* [CP] Embed Pods Frameworks */ = {
			isa = PBXShellScriptBuildPhase;
			buildActionMask = 2147483647;
			files = (
			);
			inputFileListPaths = (
				"${PODS_ROOT}/Target Support Files/Pods-Weather/Pods-Weather-frameworks-${CONFIGURATION}-input-files.xcfilelist",
			);
			name = "[CP] Embed Pods Frameworks";
			outputFileListPaths = (
				"${PODS_ROOT}/Target Support Files/Pods-Weather/Pods-Weather-frameworks-${CONFIGURATION}-output-files.xcfilelist",
			);
			runOnlyForDeploymentPostprocessing = 0;
			shellPath = /bin/sh;
			shellScript = "\"${PODS_ROOT}/Target Support Files/Pods-Weather/Pods-Weather-frameworks.sh\"\n";
			showEnvVarsInLog = 0;
		};
/* End PBXShellScriptBuildPhase section */

/* Begin PBXSourcesBuildPhase section */
		8710017F266E197A001200C3 /* Sources */ = {
			isa = PBXSourcesBuildPhase;
			buildActionMask = 2147483647;
			files = (
				87208C88269846A1009E17F1 /* Settings.swift in Sources */,
				871001B1266F9525001200C3 /* OnboardViewController.swift in Sources */,
				8776BEEB267372CC00297943 /* CachedCoord.swift in Sources */,
				87208CA9269DABF4009E17F1 /* RainLabelFormatter.swift in Sources */,
				87208C852698441A009E17F1 /* RealmInspector.swift in Sources */,
				87208C7C268484BF009E17F1 /* HourlyTableViewCell.swift in Sources */,
				87208C9F269D8BB2009E17F1 /* ChartFormatter.swift in Sources */,
				8776BEDA267111D400297943 /* CachedWeather.swift in Sources */,
				8776BEF42673733300297943 /* CachedClouds.swift in Sources */,
				8776BECB266FB0DD00297943 /* Inspector.swift in Sources */,
				8710019F266E1991001200C3 /* WeatherResponse.swift in Sources */,
				87208C7F268490DF009E17F1 /* HourlyViewController.swift in Sources */,
				8776BEF72673736000297943 /* CachedWind.swift in Sources */,
				871001AB266E6B86001200C3 /* ForecastCollectionViewCell.swift in Sources */,
				8776BEF12673731700297943 /* CachedWeatherElement.swift in Sources */,
				871001B4266F9EC8001200C3 /* MyLocationManager.swift in Sources */,
				8710018B266E197A001200C3 /* MainViewController.swift in Sources */,
				87100187266E197A001200C3 /* AppDelegate.swift in Sources */,
				87208C93269C3472009E17F1 /* UtilFunctions.swift in Sources */,
				871001A8266E4303001200C3 /* WeatherViewController.swift in Sources */,
				87208C96269C3487009E17F1 /* Extensions.swift in Sources */,
				871001AE266F6B08001200C3 /* ForecastTableViewCell.swift in Sources */,
				87208C8C26985929009E17F1 /* TitleChanger.swift in Sources */,
				8776BEEE267372F200297943 /* CachedMain.swift in Sources */,
				8776BEE82673729600297943 /* CachedCity.swift in Sources */,
				8776BF042673777100297943 /* DetailedViewController.swift in Sources */,
				8776BEFD2673739500297943 /* CachedSys.swift in Sources */,
				8776BECE2670D29A00297943 /* SettingsViewController.swift in Sources */,
				8776BEFA2673737700297943 /* CachedRain.swift in Sources */,
				871001A4266E3D1B001200C3 /* NetworkService.swift in Sources */,
				87208CA6269DA92C009E17F1 /* TempLabelFormatter.swift in Sources */,
				87100189266E197A001200C3 /* SceneDelegate.swift in Sources */,
				8776BEE42673727100297943 /* CachedList.swift in Sources */,
			);
			runOnlyForDeploymentPostprocessing = 0;
		};
/* End PBXSourcesBuildPhase section */

/* Begin PBXVariantGroup section */
		8710018C266E197A001200C3 /* Main.storyboard */ = {
			isa = PBXVariantGroup;
			children = (
				8710018D266E197A001200C3 /* Base */,
			);
			name = Main.storyboard;
			sourceTree = "<group>";
		};
		87100194266E197B001200C3 /* LaunchScreen.storyboard */ = {
			isa = PBXVariantGroup;
			children = (
				87100195266E197B001200C3 /* Base */,
			);
			name = LaunchScreen.storyboard;
			sourceTree = "<group>";
		};
/* End PBXVariantGroup section */

/* Begin XCBuildConfiguration section */
		87100198266E197B001200C3 /* Debug */ = {
			isa = XCBuildConfiguration;
			buildSettings = {
				ALWAYS_SEARCH_USER_PATHS = NO;
				CLANG_ANALYZER_NONNULL = YES;
				CLANG_ANALYZER_NUMBER_OBJECT_CONVERSION = YES_AGGRESSIVE;
				CLANG_CXX_LANGUAGE_STANDARD = "gnu++14";
				CLANG_CXX_LIBRARY = "libc++";
				CLANG_ENABLE_MODULES = YES;
				CLANG_ENABLE_OBJC_ARC = YES;
				CLANG_ENABLE_OBJC_WEAK = YES;
				CLANG_WARN_BLOCK_CAPTURE_AUTORELEASING = YES;
				CLANG_WARN_BOOL_CONVERSION = YES;
				CLANG_WARN_COMMA = YES;
				CLANG_WARN_CONSTANT_CONVERSION = YES;
				CLANG_WARN_DEPRECATED_OBJC_IMPLEMENTATIONS = YES;
				CLANG_WARN_DIRECT_OBJC_ISA_USAGE = YES_ERROR;
				CLANG_WARN_DOCUMENTATION_COMMENTS = YES;
				CLANG_WARN_EMPTY_BODY = YES;
				CLANG_WARN_ENUM_CONVERSION = YES;
				CLANG_WARN_INFINITE_RECURSION = YES;
				CLANG_WARN_INT_CONVERSION = YES;
				CLANG_WARN_NON_LITERAL_NULL_CONVERSION = YES;
				CLANG_WARN_OBJC_IMPLICIT_RETAIN_SELF = YES;
				CLANG_WARN_OBJC_LITERAL_CONVERSION = YES;
				CLANG_WARN_OBJC_ROOT_CLASS = YES_ERROR;
				CLANG_WARN_QUOTED_INCLUDE_IN_FRAMEWORK_HEADER = YES;
				CLANG_WARN_RANGE_LOOP_ANALYSIS = YES;
				CLANG_WARN_STRICT_PROTOTYPES = YES;
				CLANG_WARN_SUSPICIOUS_MOVE = YES;
				CLANG_WARN_UNGUARDED_AVAILABILITY = YES_AGGRESSIVE;
				CLANG_WARN_UNREACHABLE_CODE = YES;
				CLANG_WARN__DUPLICATE_METHOD_MATCH = YES;
				COPY_PHASE_STRIP = NO;
				DEBUG_INFORMATION_FORMAT = dwarf;
				ENABLE_STRICT_OBJC_MSGSEND = YES;
				ENABLE_TESTABILITY = YES;
				GCC_C_LANGUAGE_STANDARD = gnu11;
				GCC_DYNAMIC_NO_PIC = NO;
				GCC_NO_COMMON_BLOCKS = YES;
				GCC_OPTIMIZATION_LEVEL = 0;
				GCC_PREPROCESSOR_DEFINITIONS = (
					"DEBUG=1",
					"$(inherited)",
				);
				GCC_WARN_64_TO_32_BIT_CONVERSION = YES;
				GCC_WARN_ABOUT_RETURN_TYPE = YES_ERROR;
				GCC_WARN_UNDECLARED_SELECTOR = YES;
				GCC_WARN_UNINITIALIZED_AUTOS = YES_AGGRESSIVE;
				GCC_WARN_UNUSED_FUNCTION = YES;
				GCC_WARN_UNUSED_VARIABLE = YES;
				IPHONEOS_DEPLOYMENT_TARGET = 14.4;
				MTL_ENABLE_DEBUG_INFO = INCLUDE_SOURCE;
				MTL_FAST_MATH = YES;
				ONLY_ACTIVE_ARCH = YES;
				SDKROOT = iphoneos;
				SWIFT_ACTIVE_COMPILATION_CONDITIONS = DEBUG;
				SWIFT_OPTIMIZATION_LEVEL = "-Onone";
			};
			name = Debug;
		};
		87100199266E197B001200C3 /* Release */ = {
			isa = XCBuildConfiguration;
			buildSettings = {
				ALWAYS_SEARCH_USER_PATHS = NO;
				CLANG_ANALYZER_NONNULL = YES;
				CLANG_ANALYZER_NUMBER_OBJECT_CONVERSION = YES_AGGRESSIVE;
				CLANG_CXX_LANGUAGE_STANDARD = "gnu++14";
				CLANG_CXX_LIBRARY = "libc++";
				CLANG_ENABLE_MODULES = YES;
				CLANG_ENABLE_OBJC_ARC = YES;
				CLANG_ENABLE_OBJC_WEAK = YES;
				CLANG_WARN_BLOCK_CAPTURE_AUTORELEASING = YES;
				CLANG_WARN_BOOL_CONVERSION = YES;
				CLANG_WARN_COMMA = YES;
				CLANG_WARN_CONSTANT_CONVERSION = YES;
				CLANG_WARN_DEPRECATED_OBJC_IMPLEMENTATIONS = YES;
				CLANG_WARN_DIRECT_OBJC_ISA_USAGE = YES_ERROR;
				CLANG_WARN_DOCUMENTATION_COMMENTS = YES;
				CLANG_WARN_EMPTY_BODY = YES;
				CLANG_WARN_ENUM_CONVERSION = YES;
				CLANG_WARN_INFINITE_RECURSION = YES;
				CLANG_WARN_INT_CONVERSION = YES;
				CLANG_WARN_NON_LITERAL_NULL_CONVERSION = YES;
				CLANG_WARN_OBJC_IMPLICIT_RETAIN_SELF = YES;
				CLANG_WARN_OBJC_LITERAL_CONVERSION = YES;
				CLANG_WARN_OBJC_ROOT_CLASS = YES_ERROR;
				CLANG_WARN_QUOTED_INCLUDE_IN_FRAMEWORK_HEADER = YES;
				CLANG_WARN_RANGE_LOOP_ANALYSIS = YES;
				CLANG_WARN_STRICT_PROTOTYPES = YES;
				CLANG_WARN_SUSPICIOUS_MOVE = YES;
				CLANG_WARN_UNGUARDED_AVAILABILITY = YES_AGGRESSIVE;
				CLANG_WARN_UNREACHABLE_CODE = YES;
				CLANG_WARN__DUPLICATE_METHOD_MATCH = YES;
				COPY_PHASE_STRIP = NO;
				DEBUG_INFORMATION_FORMAT = "dwarf-with-dsym";
				ENABLE_NS_ASSERTIONS = NO;
				ENABLE_STRICT_OBJC_MSGSEND = YES;
				GCC_C_LANGUAGE_STANDARD = gnu11;
				GCC_NO_COMMON_BLOCKS = YES;
				GCC_WARN_64_TO_32_BIT_CONVERSION = YES;
				GCC_WARN_ABOUT_RETURN_TYPE = YES_ERROR;
				GCC_WARN_UNDECLARED_SELECTOR = YES;
				GCC_WARN_UNINITIALIZED_AUTOS = YES_AGGRESSIVE;
				GCC_WARN_UNUSED_FUNCTION = YES;
				GCC_WARN_UNUSED_VARIABLE = YES;
				IPHONEOS_DEPLOYMENT_TARGET = 14.4;
				MTL_ENABLE_DEBUG_INFO = NO;
				MTL_FAST_MATH = YES;
				SDKROOT = iphoneos;
				SWIFT_COMPILATION_MODE = wholemodule;
				SWIFT_OPTIMIZATION_LEVEL = "-O";
				VALIDATE_PRODUCT = YES;
			};
			name = Release;
		};
		8710019B266E197B001200C3 /* Debug */ = {
			isa = XCBuildConfiguration;
			baseConfigurationReference = 9B1908BC146435C8DEC8813C /* Pods-Weather.debug.xcconfig */;
			buildSettings = {
				ASSETCATALOG_COMPILER_APPICON_NAME = AppIcon;
				ASSETCATALOG_COMPILER_GLOBAL_ACCENT_COLOR_NAME = AccentColor;
				CODE_SIGN_STYLE = Automatic;
				DEVELOPMENT_TEAM = SYXT7H6K4K;
				INFOPLIST_FILE = Weather/Info.plist;
				LD_RUNPATH_SEARCH_PATHS = (
					"$(inherited)",
					"@executable_path/Frameworks",
				);
				PRODUCT_BUNDLE_IDENTIFIER = netology.Weather;
				PRODUCT_NAME = "$(TARGET_NAME)";
				SWIFT_VERSION = 5.0;
				TARGETED_DEVICE_FAMILY = "1,2";
			};
			name = Debug;
		};
		8710019C266E197B001200C3 /* Release */ = {
			isa = XCBuildConfiguration;
			baseConfigurationReference = 36D5735787C2E576EA336BC7 /* Pods-Weather.release.xcconfig */;
			buildSettings = {
				ASSETCATALOG_COMPILER_APPICON_NAME = AppIcon;
				ASSETCATALOG_COMPILER_GLOBAL_ACCENT_COLOR_NAME = AccentColor;
				CODE_SIGN_STYLE = Automatic;
				DEVELOPMENT_TEAM = SYXT7H6K4K;
				INFOPLIST_FILE = Weather/Info.plist;
				LD_RUNPATH_SEARCH_PATHS = (
					"$(inherited)",
					"@executable_path/Frameworks",
				);
				PRODUCT_BUNDLE_IDENTIFIER = netology.Weather;
				PRODUCT_NAME = "$(TARGET_NAME)";
				SWIFT_VERSION = 5.0;
				TARGETED_DEVICE_FAMILY = "1,2";
			};
			name = Release;
		};
/* End XCBuildConfiguration section */

/* Begin XCConfigurationList section */
		8710017E266E197A001200C3 /* Build configuration list for PBXProject "Weather" */ = {
			isa = XCConfigurationList;
			buildConfigurations = (
				87100198266E197B001200C3 /* Debug */,
				87100199266E197B001200C3 /* Release */,
			);
			defaultConfigurationIsVisible = 0;
			defaultConfigurationName = Release;
		};
		8710019A266E197B001200C3 /* Build configuration list for PBXNativeTarget "Weather" */ = {
			isa = XCConfigurationList;
			buildConfigurations = (
				8710019B266E197B001200C3 /* Debug */,
				8710019C266E197B001200C3 /* Release */,
			);
			defaultConfigurationIsVisible = 0;
			defaultConfigurationName = Release;
		};
/* End XCConfigurationList section */
	};
	rootObject = 8710017B266E197A001200C3 /* Project object */;
}
